
Microsoft Visual Studio Solution File, Format Version 12.00
# Visual Studio 15
VisualStudioVersion = 15.0.28307.271
MinimumVisualStudioVersion = 10.0.40219.1
Project("{FAE04EC0-301F-11D3-BF4B-00C04F79EFBC}") = "LibBase", "LibBase\LibBase.csproj", "{5CA99F07-7C87-4A1A-A401-5DA6BFB8E948}"
EndProject
Global
	GlobalSection(SolutionConfigurationPlatforms) = preSolution
		Debug|Any CPU = Debug|Any CPU
		Release|Any CPU = Release|Any CPU
	EndGlobalSection
	GlobalSection(ProjectConfigurationPlatforms) = postSolution
		{5CA99F07-7C87-4A1A-A401-5DA6BFB8E948}.Debug|Any CPU.ActiveCfg = Debug|Any CPU
		{5CA99F07-7C87-4A1A-A401-5DA6BFB8E948}.Debug|Any CPU.Build.0 = Debug|Any CPU
		{5CA99F07-7C87-4A1A-A401-5DA6BFB8E948}.Release|Any CPU.ActiveCfg = Release|Any CPU
		{5CA99F07-7C87-4A1A-A401-5DA6BFB8E948}.Release|Any CPU.Build.0 = Release|Any CPU
	EndGlobalSection
	GlobalSection(SolutionProperties) = preSolution
		HideSolutionNode = FALSE
	EndGlobalSection
	GlobalSection(ExtensibilityGlobals) = postSolution
		SolutionGuid = {A81FCFA9-B0C1-4A95-AFA9-D61BBA3FF23C}
	EndGlobalSection
EndGlobal
